
Microsoft Visual Studio Solution File, Format Version 12.00
# Visual Studio Version 17
VisualStudioVersion = 17.8.34511.84
MinimumVisualStudioVersion = 10.0.40219.1
Project("{FAE04EC0-301F-11D3-BF4B-00C04F79EFBC}") = "webApi.EtiquetaCerta", "webApi.EtiquetaCerta.csproj", "{BF021251-ACAE-4468-A10A-D3EC9001E7A0}"
EndProject
Global
	GlobalSection(SolutionConfigurationPlatforms) = preSolution
		Debug|Any CPU = Debug|Any CPU
		Release|Any CPU = Release|Any CPU
	EndGlobalSection
	GlobalSection(ProjectConfigurationPlatforms) = postSolution
		{BF021251-ACAE-4468-A10A-D3EC9001E7A0}.Debug|Any CPU.ActiveCfg = Debug|Any CPU
		{BF021251-ACAE-4468-A10A-D3EC9001E7A0}.Debug|Any CPU.Build.0 = Debug|Any CPU
		{BF021251-ACAE-4468-A10A-D3EC9001E7A0}.Release|Any CPU.ActiveCfg = Release|Any CPU
		{BF021251-ACAE-4468-A10A-D3EC9001E7A0}.Release|Any CPU.Build.0 = Release|Any CPU
	EndGlobalSection
	GlobalSection(SolutionProperties) = preSolution
		HideSolutionNode = FALSE
	EndGlobalSection
	GlobalSection(ExtensibilityGlobals) = postSolution
		SolutionGuid = {14C0D9AA-1A40-4460-8090-EAD47B619C27}
	EndGlobalSection
EndGlobal
